
Microsoft Visual Studio Solution File, Format Version 12.00
# Visual Studio Version 16
VisualStudioVersion = 16.0.31624.102
MinimumVisualStudioVersion = 10.0.40219.1
Project("{9A19103F-16F7-4668-BE54-9A1E7A4F7556}") = "PointOfSaleTerminalApi", "PointOfSaleTerminal\PointOfSaleTerminalApi.csproj", "{639393DE-C1CC-4642-8357-4451AADCBB71}"
EndProject
Project("{FAE04EC0-301F-11D3-BF4B-00C04F79EFBC}") = "UnitTests", "UnitTests\UnitTests.csproj", "{19401405-11EA-4E80-B95F-668A6A0CC21F}"
EndProject
Global
	GlobalSection(SolutionConfigurationPlatforms) = preSolution
		Debug|Any CPU = Debug|Any CPU
		Release|Any CPU = Release|Any CPU
	EndGlobalSection
	GlobalSection(ProjectConfigurationPlatforms) = postSolution
		{639393DE-C1CC-4642-8357-4451AADCBB71}.Debug|Any CPU.ActiveCfg = Debug|Any CPU
		{639393DE-C1CC-4642-8357-4451AADCBB71}.Debug|Any CPU.Build.0 = Debug|Any CPU
		{639393DE-C1CC-4642-8357-4451AADCBB71}.Release|Any CPU.ActiveCfg = Release|Any CPU
		{639393DE-C1CC-4642-8357-4451AADCBB71}.Release|Any CPU.Build.0 = Release|Any CPU
		{19401405-11EA-4E80-B95F-668A6A0CC21F}.Debug|Any CPU.ActiveCfg = Debug|Any CPU
		{19401405-11EA-4E80-B95F-668A6A0CC21F}.Debug|Any CPU.Build.0 = Debug|Any CPU
		{19401405-11EA-4E80-B95F-668A6A0CC21F}.Release|Any CPU.ActiveCfg = Release|Any CPU
		{19401405-11EA-4E80-B95F-668A6A0CC21F}.Release|Any CPU.Build.0 = Release|Any CPU
	EndGlobalSection
	GlobalSection(SolutionProperties) = preSolution
		HideSolutionNode = FALSE
	EndGlobalSection
	GlobalSection(ExtensibilityGlobals) = postSolution
		SolutionGuid = {32252CB2-6172-41D8-BD2D-C8087B4FE4C6}
	EndGlobalSection
EndGlobal
